
Microsoft Visual Studio Solution File, Format Version 12.00
# Visual Studio Version 17
VisualStudioVersion = 17.8.34309.116
MinimumVisualStudioVersion = 10.0.40219.1
Project("{FAE04EC0-301F-11D3-BF4B-00C04F79EFBC}") = "LayoutLab", "LayoutLab\LayoutLab.csproj", "{58D601E1-4EF2-40DB-B66F-E3990B998496}"
EndProject
Global
	GlobalSection(SolutionConfigurationPlatforms) = preSolution
		Debug|Any CPU = Debug|Any CPU
		Release|Any CPU = Release|Any CPU
	EndGlobalSection
	GlobalSection(ProjectConfigurationPlatforms) = postSolution
		{58D601E1-4EF2-40DB-B66F-E3990B998496}.Debug|Any CPU.ActiveCfg = Debug|Any CPU
		{58D601E1-4EF2-40DB-B66F-E3990B998496}.Debug|Any CPU.Build.0 = Debug|Any CPU
		{58D601E1-4EF2-40DB-B66F-E3990B998496}.Release|Any CPU.ActiveCfg = Release|Any CPU
		{58D601E1-4EF2-40DB-B66F-E3990B998496}.Release|Any CPU.Build.0 = Release|Any CPU
	EndGlobalSection
	GlobalSection(SolutionProperties) = preSolution
		HideSolutionNode = FALSE
	EndGlobalSection
	GlobalSection(ExtensibilityGlobals) = postSolution
		SolutionGuid = {B5E477D9-5584-4855-A65B-17830FF56159}
	EndGlobalSection
EndGlobal
