
Microsoft Visual Studio Solution File, Format Version 12.00
# Visual Studio Version 17
VisualStudioVersion = 17.8.34309.116
MinimumVisualStudioVersion = 10.0.40219.1
Project("{FAE04EC0-301F-11D3-BF4B-00C04F79EFBC}") = "Lab03", "Lab03\Lab03.csproj", "{55F998FA-904A-4B85-9328-B58FBAADFA22}"
EndProject
Global
	GlobalSection(SolutionConfigurationPlatforms) = preSolution
		Debug|Any CPU = Debug|Any CPU
		Release|Any CPU = Release|Any CPU
	EndGlobalSection
	GlobalSection(ProjectConfigurationPlatforms) = postSolution
		{55F998FA-904A-4B85-9328-B58FBAADFA22}.Debug|Any CPU.ActiveCfg = Debug|Any CPU
		{55F998FA-904A-4B85-9328-B58FBAADFA22}.Debug|Any CPU.Build.0 = Debug|Any CPU
		{55F998FA-904A-4B85-9328-B58FBAADFA22}.Release|Any CPU.ActiveCfg = Release|Any CPU
		{55F998FA-904A-4B85-9328-B58FBAADFA22}.Release|Any CPU.Build.0 = Release|Any CPU
	EndGlobalSection
	GlobalSection(SolutionProperties) = preSolution
		HideSolutionNode = FALSE
	EndGlobalSection
	GlobalSection(ExtensibilityGlobals) = postSolution
		SolutionGuid = {14BFFFB8-FE2D-4017-BD7C-66207F3F9B13}
	EndGlobalSection
EndGlobal
