
Microsoft Visual Studio Solution File, Format Version 12.00
# Visual Studio Version 17
VisualStudioVersion = 17.8.34309.116
MinimumVisualStudioVersion = 10.0.40219.1
Project("{FAE04EC0-301F-11D3-BF4B-00C04F79EFBC}") = "Buoi05", "Buoi05\Buoi05.csproj", "{C23984D3-3D67-4806-A15A-868E74099B2E}"
EndProject
Global
	GlobalSection(SolutionConfigurationPlatforms) = preSolution
		Debug|Any CPU = Debug|Any CPU
		Release|Any CPU = Release|Any CPU
	EndGlobalSection
	GlobalSection(ProjectConfigurationPlatforms) = postSolution
		{C23984D3-3D67-4806-A15A-868E74099B2E}.Debug|Any CPU.ActiveCfg = Debug|Any CPU
		{C23984D3-3D67-4806-A15A-868E74099B2E}.Debug|Any CPU.Build.0 = Debug|Any CPU
		{C23984D3-3D67-4806-A15A-868E74099B2E}.Release|Any CPU.ActiveCfg = Release|Any CPU
		{C23984D3-3D67-4806-A15A-868E74099B2E}.Release|Any CPU.Build.0 = Release|Any CPU
	EndGlobalSection
	GlobalSection(SolutionProperties) = preSolution
		HideSolutionNode = FALSE
	EndGlobalSection
	GlobalSection(ExtensibilityGlobals) = postSolution
		SolutionGuid = {09F96379-CF2E-4B80-84E2-5A7B87CB20CF}
	EndGlobalSection
EndGlobal
